
Microsoft Visual Studio Solution File, Format Version 12.00
# Visual Studio Version 16
VisualStudioVersion = 16.0.29509.3
MinimumVisualStudioVersion = 10.0.40219.1
Project("{FAE04EC0-301F-11D3-BF4B-00C04F79EFBC}") = "Lab_3.1", "Lab_3.1\Lab_3.1.csproj", "{F962F307-20CC-4A79-BB65-0DC24CC59F0C}"
EndProject
Global
	GlobalSection(SolutionConfigurationPlatforms) = preSolution
		Debug|Any CPU = Debug|Any CPU
		Release|Any CPU = Release|Any CPU
	EndGlobalSection
	GlobalSection(ProjectConfigurationPlatforms) = postSolution
		{F962F307-20CC-4A79-BB65-0DC24CC59F0C}.Debug|Any CPU.ActiveCfg = Debug|Any CPU
		{F962F307-20CC-4A79-BB65-0DC24CC59F0C}.Debug|Any CPU.Build.0 = Debug|Any CPU
		{F962F307-20CC-4A79-BB65-0DC24CC59F0C}.Release|Any CPU.ActiveCfg = Release|Any CPU
		{F962F307-20CC-4A79-BB65-0DC24CC59F0C}.Release|Any CPU.Build.0 = Release|Any CPU
	EndGlobalSection
	GlobalSection(SolutionProperties) = preSolution
		HideSolutionNode = FALSE
	EndGlobalSection
	GlobalSection(ExtensibilityGlobals) = postSolution
		SolutionGuid = {7EDE1E82-E135-4AC9-BA89-5C12B522BD1B}
	EndGlobalSection
EndGlobal
